// !$*UTF8*$!
{
	archiveVersion = 1;
	classes = {
	};
	objectVersion = 56;
	objects = {

/* Begin PBXBuildFile section */
		ED0000000000000000000006 /* AppDelegate.swift in Sources */ = {isa = PBXBuildFile; fileRef = ED0000000000000000000005 /* AppDelegate.swift */; };
		ED0000000000000000000021 /* Assets.xcassets in Resources */ = {isa = PBXBuildFile; fileRef = ED0000000000000000000020 /* Assets.xcassets */; };
		ED0000000000000000000031 /* WatchSessionManager.swift in Sources */ = {isa = PBXBuildFile; fileRef = ED0000000000000000000030 /* WatchSessionManager.swift */; };
		ED0000000000000000000033 /* AvatarPhotoPicker.swift in Sources */ = {isa = PBXBuildFile; fileRef = ED0000000000000000000032 /* AvatarPhotoPicker.swift */; };
		ED0000000000000000000035 /* LocationBridge.swift in Sources */ = {isa = PBXBuildFile; fileRef = ED0000000000000000000034 /* LocationBridge.swift */; };
		ED0000000000000000000037 /* HudDiscoveryBridge.swift in Sources */ = {isa = PBXBuildFile; fileRef = ED0000000000000000000036 /* HudDiscoveryBridge.swift */; };
		ED0000000000000000000039 /* EngineAudioBridge.swift in Sources */ = {isa = PBXBuildFile; fileRef = ED0000000000000000000038 /* EngineAudioBridge.swift */; };
		ED000000000000000000003B /* StudioCameraRecorder.swift in Sources */ = {isa = PBXBuildFile; fileRef = ED000000000000000000003A /* StudioCameraRecorder.swift */; };
/* End PBXBuildFile section */

/* Begin PBXFileReference section */
		ED0000000000000000000005 /* AppDelegate.swift */ = {isa = PBXFileReference; lastKnownFileType = sourcecode.swift; path = AppDelegate.swift; sourceTree = "<group>"; };
		ED0000000000000000000030 /* WatchSessionManager.swift */ = {isa = PBXFileReference; lastKnownFileType = sourcecode.swift; path = WatchSessionManager.swift; sourceTree = "<group>"; };
		ED0000000000000000000032 /* AvatarPhotoPicker.swift */ = {isa = PBXFileReference; lastKnownFileType = sourcecode.swift; path = AvatarPhotoPicker.swift; sourceTree = "<group>"; };
		ED0000000000000000000034 /* LocationBridge.swift */ = {isa = PBXFileReference; lastKnownFileType = sourcecode.swift; path = LocationBridge.swift; sourceTree = "<group>"; };
		ED0000000000000000000036 /* HudDiscoveryBridge.swift */ = {isa = PBXFileReference; lastKnownFileType = sourcecode.swift; path = HudDiscoveryBridge.swift; sourceTree = "<group>"; };
		ED0000000000000000000038 /* EngineAudioBridge.swift */ = {isa = PBXFileReference; lastKnownFileType = sourcecode.swift; path = EngineAudioBridge.swift; sourceTree = "<group>"; };
		ED000000000000000000003A /* StudioCameraRecorder.swift */ = {isa = PBXFileReference; lastKnownFileType = sourcecode.swift; path = StudioCameraRecorder.swift; sourceTree = "<group>"; };
		ED0000000000000000000007 /* EucPlanet.app */ = {isa = PBXFileReference; explicitFileType = wrapper.application; includeInIndex = 0; path = EucPlanet.app; sourceTree = BUILT_PRODUCTS_DIR; };
		ED0000000000000000000013 /* Info-xcode.plist */ = {isa = PBXFileReference; lastKnownFileType = text.plist.xml; path = "Info-xcode.plist"; sourceTree = "<group>"; };
		ED0000000000000000000020 /* Assets.xcassets */ = {isa = PBXFileReference; lastKnownFileType = folder.assetcatalog; path = Assets.xcassets; sourceTree = "<group>"; };
/* End PBXFileReference section */

/* Begin PBXFrameworksBuildPhase section */
		ED0000000000000000000009 /* Frameworks */ = {isa = PBXFrameworksBuildPhase; buildActionMask = 2147483647; files = (); runOnlyForDeploymentPostprocessing = 0; };
/* End PBXFrameworksBuildPhase section */

/* Begin PBXResourcesBuildPhase section */
		ED0000000000000000000022 /* Resources */ = {isa = PBXResourcesBuildPhase; buildActionMask = 2147483647; files = (ED0000000000000000000021 /* Assets.xcassets in Resources */, ); runOnlyForDeploymentPostprocessing = 0; };
/* End PBXResourcesBuildPhase section */

/* Begin PBXGroup section */
		ED0000000000000000000002 = {isa = PBXGroup; children = (ED0000000000000000000005 /* AppDelegate.swift */, ED0000000000000000000030 /* WatchSessionManager.swift */, ED0000000000000000000032 /* AvatarPhotoPicker.swift */, ED0000000000000000000034 /* LocationBridge.swift */, ED0000000000000000000036 /* HudDiscoveryBridge.swift */, ED0000000000000000000038 /* EngineAudioBridge.swift */, ED000000000000000000003A /* StudioCameraRecorder.swift */, ED0000000000000000000013 /* Info-xcode.plist */, ED0000000000000000000020 /* Assets.xcassets */, ED0000000000000000000003 /* Products */, ); sourceTree = "<group>"; };
		ED0000000000000000000003 /* Products */ = {isa = PBXGroup; children = (ED0000000000000000000007 /* EucPlanet.app */, ); name = Products; sourceTree = "<group>"; };
/* End PBXGroup section */

/* Begin PBXNativeTarget section */
		ED0000000000000000000004 /* EucPlanet */ = {isa = PBXNativeTarget; buildConfigurationList = ED0000000000000000000010 /* Build configuration list for PBXNativeTarget "EucPlanet" */; buildPhases = (ED000000000000000000000B /* Build Kotlin framework */, ED0000000000000000000008 /* Sources */, ED0000000000000000000009 /* Frameworks */, ED0000000000000000000022 /* Resources */, ED000000000000000000000C /* Embed Kotlin framework */, ); buildRules = (); dependencies = (); name = EucPlanet; productName = EucPlanet; productReference = ED0000000000000000000007 /* EucPlanet.app */; productType = "com.apple.product-type.application"; };
/* End PBXNativeTarget section */

/* Begin PBXProject section */
		ED0000000000000000000001 /* Project object */ = {isa = PBXProject; attributes = {BuildIndependentTargetsInParallel = 1; LastUpgradeCheck = 1600; TargetAttributes = {ED0000000000000000000004 = {CreatedOnToolsVersion = 16.0; }; }; }; buildConfigurationList = ED000000000000000000000D /* Build configuration list for PBXProject "iosApp" */; compatibilityVersion = "Xcode 14.0"; developmentRegion = en; hasScannedForEncodings = 0; knownRegions = (en, Base, ); mainGroup = ED0000000000000000000002; productRefGroup = ED0000000000000000000003 /* Products */; projectDirPath = ""; projectRoot = ""; targets = (ED0000000000000000000004 /* EucPlanet */, ); };
/* End PBXProject section */

/* Begin PBXShellScriptBuildPhase section */
		ED000000000000000000000B /* Build Kotlin framework */ = {isa = PBXShellScriptBuildPhase; alwaysOutOfDate = 1; buildActionMask = 2147483647; files = (); inputFileListPaths = (); inputPaths = (); name = "Build Kotlin framework"; outputFileListPaths = (); outputPaths = (); runOnlyForDeploymentPostprocessing = 0; shellPath = /bin/sh; shellScript = "export JAVA_HOME=\"$(ls -d $HOME/.jdks/jdk-17*/Contents/Home | head -1)\"\nexport ANDROID_HOME=\"$HOME/Library/Android/sdk\"\ncd \"$SRCROOT/..\"\nif echo \"$SDK_NAME\" | grep -q simulator; then ./gradlew :shared:linkDebugFrameworkIosSimulatorArm64; else ./gradlew :shared:linkDebugFrameworkIosArm64; fi\n"; };
		ED000000000000000000000C /* Embed Kotlin framework */ = {isa = PBXShellScriptBuildPhase; alwaysOutOfDate = 1; buildActionMask = 2147483647; files = (); inputFileListPaths = (); inputPaths = (); name = "Embed Kotlin framework"; outputFileListPaths = (); outputPaths = (); runOnlyForDeploymentPostprocessing = 0; shellPath = /bin/sh; shellScript = "if echo \"$SDK_NAME\" | grep -q simulator; then A=iosSimulatorArm64; else A=iosArm64; fi\nFW=\"$SRCROOT/../shared/build/bin/$A/debugFramework/Shared.framework\"\nDEST=\"$BUILT_PRODUCTS_DIR/$FRAMEWORKS_FOLDER_PATH\"\nmkdir -p \"$DEST\"\nrm -rf \"$DEST/Shared.framework\"\ncp -R \"$FW\" \"$DEST/\"\nRES=\"$SRCROOT/../shared/build/generated/compose/resourceGenerator/preparedResources/commonMain/composeResources\"\nif [ -d \"$RES\" ]; then APPRES=\"$BUILT_PRODUCTS_DIR/$UNLOCALIZED_RESOURCES_FOLDER_PATH/compose-resources/composeResources/com.eried.eucplanet.resources\"; rm -rf \"$APPRES\"; mkdir -p \"$APPRES\"; cp -R \"$RES/.\" \"$APPRES/\"; fi\nif [ \"${CODE_SIGNING_ALLOWED:-YES}\" != \"NO\" ] && [ -n \"${EXPANDED_CODE_SIGN_IDENTITY:-}\" ]; then codesign --force --sign \"$EXPANDED_CODE_SIGN_IDENTITY\" \"$DEST/Shared.framework\"; fi\n"; };
/* End PBXShellScriptBuildPhase section */

/* Begin PBXSourcesBuildPhase section */
		ED0000000000000000000008 /* Sources */ = {isa = PBXSourcesBuildPhase; buildActionMask = 2147483647; files = (ED0000000000000000000006 /* AppDelegate.swift in Sources */, ED0000000000000000000031 /* WatchSessionManager.swift in Sources */, ED0000000000000000000033 /* AvatarPhotoPicker.swift in Sources */, ED0000000000000000000035 /* LocationBridge.swift in Sources */, ED0000000000000000000037 /* HudDiscoveryBridge.swift in Sources */, ED0000000000000000000039 /* EngineAudioBridge.swift in Sources */, ED000000000000000000003B /* StudioCameraRecorder.swift in Sources */, ); runOnlyForDeploymentPostprocessing = 0; };
/* End PBXSourcesBuildPhase section */

/* Begin XCBuildConfiguration section */
		ED000000000000000000000E /* Debug */ = {isa = XCBuildConfiguration; buildSettings = {ALWAYS_SEARCH_USER_PATHS = NO; CLANG_ENABLE_MODULES = YES; CLANG_ENABLE_OBJC_ARC = YES; COPY_PHASE_STRIP = NO; DEBUG_INFORMATION_FORMAT = dwarf; ENABLE_TESTABILITY = YES; GCC_C_LANGUAGE_STANDARD = gnu17; GCC_OPTIMIZATION_LEVEL = 0; IPHONEOS_DEPLOYMENT_TARGET = 15.0; ONLY_ACTIVE_ARCH = YES; SDKROOT = iphoneos; SWIFT_ACTIVE_COMPILATION_CONDITIONS = DEBUG; SWIFT_OPTIMIZATION_LEVEL = "-Onone"; SWIFT_VERSION = 5.0; }; name = Debug; };
		ED000000000000000000000F /* Release */ = {isa = XCBuildConfiguration; buildSettings = {ALWAYS_SEARCH_USER_PATHS = NO; CLANG_ENABLE_MODULES = YES; CLANG_ENABLE_OBJC_ARC = YES; COPY_PHASE_STRIP = NO; DEBUG_INFORMATION_FORMAT = "dwarf-with-dsym"; GCC_C_LANGUAGE_STANDARD = gnu17; IPHONEOS_DEPLOYMENT_TARGET = 15.0; SDKROOT = iphoneos; SWIFT_OPTIMIZATION_LEVEL = "-O"; SWIFT_VERSION = 5.0; VALIDATE_PRODUCT = YES; }; name = Release; };
		ED0000000000000000000011 /* Debug */ = {isa = XCBuildConfiguration; buildSettings = {ASSETCATALOG_COMPILER_APPICON_NAME = AppIcon; ASSETCATALOG_COMPILER_GENERATE_SWIFT_ASSET_SYMBOL_EXTENSIONS = NO; CODE_SIGN_STYLE = Automatic; CURRENT_PROJECT_VERSION = 1; DEVELOPMENT_TEAM = ""; ENABLE_USER_SCRIPT_SANDBOXING = NO; "FRAMEWORK_SEARCH_PATHS[sdk=iphoneos*]" = "$(SRCROOT)/../shared/build/bin/iosArm64/debugFramework"; "FRAMEWORK_SEARCH_PATHS[sdk=iphonesimulator*]" = "$(SRCROOT)/../shared/build/bin/iosSimulatorArm64/debugFramework"; GENERATE_INFOPLIST_FILE = NO; INFOPLIST_FILE = "Info-xcode.plist"; IPHONEOS_DEPLOYMENT_TARGET = 15.0; LD_RUNPATH_SEARCH_PATHS = "$(inherited) @executable_path/Frameworks"; MARKETING_VERSION = 0.1; OTHER_LDFLAGS = "$(inherited) -framework Shared"; PRODUCT_BUNDLE_IDENTIFIER = "com.eried.eucplanet.ios"; PRODUCT_NAME = EucPlanet; SWIFT_VERSION = 5.0; TARGETED_DEVICE_FAMILY = 1; }; name = Debug; };
		ED0000000000000000000012 /* Release */ = {isa = XCBuildConfiguration; buildSettings = {ASSETCATALOG_COMPILER_APPICON_NAME = AppIcon; ASSETCATALOG_COMPILER_GENERATE_SWIFT_ASSET_SYMBOL_EXTENSIONS = NO; CODE_SIGN_STYLE = Automatic; CURRENT_PROJECT_VERSION = 1; DEVELOPMENT_TEAM = ""; ENABLE_USER_SCRIPT_SANDBOXING = NO; "FRAMEWORK_SEARCH_PATHS[sdk=iphoneos*]" = "$(SRCROOT)/../shared/build/bin/iosArm64/debugFramework"; "FRAMEWORK_SEARCH_PATHS[sdk=iphonesimulator*]" = "$(SRCROOT)/../shared/build/bin/iosSimulatorArm64/debugFramework"; GENERATE_INFOPLIST_FILE = NO; INFOPLIST_FILE = "Info-xcode.plist"; IPHONEOS_DEPLOYMENT_TARGET = 15.0; LD_RUNPATH_SEARCH_PATHS = "$(inherited) @executable_path/Frameworks"; MARKETING_VERSION = 0.1; OTHER_LDFLAGS = "$(inherited) -framework Shared"; PRODUCT_BUNDLE_IDENTIFIER = "com.eried.eucplanet.ios"; PRODUCT_NAME = EucPlanet; SWIFT_VERSION = 5.0; TARGETED_DEVICE_FAMILY = 1; }; name = Release; };
/* End XCBuildConfiguration section */

/* Begin XCConfigurationList section */
		ED000000000000000000000D /* Build configuration list for PBXProject "iosApp" */ = {isa = XCConfigurationList; buildConfigurations = (ED000000000000000000000E /* Debug */, ED000000000000000000000F /* Release */, ); defaultConfigurationIsVisible = 0; defaultConfigurationName = Debug; };
		ED0000000000000000000010 /* Build configuration list for PBXNativeTarget "EucPlanet" */ = {isa = XCConfigurationList; buildConfigurations = (ED0000000000000000000011 /* Debug */, ED0000000000000000000012 /* Release */, ); defaultConfigurationIsVisible = 0; defaultConfigurationName = Debug; };
/* End XCConfigurationList section */
	};
	rootObject = ED0000000000000000000001 /* Project object */;
}
